
Microsoft Visual Studio Solution File, Format Version 12.00
# Visual Studio Version 16
VisualStudioVersion = 16.0.32106.194
MinimumVisualStudioVersion = 10.0.40219.1
Project("{FAE04EC0-301F-11D3-BF4B-00C04F79EFBC}") = "Functions", "Functions\Functions.csproj", "{BC054F65-F895-4527-A020-77440191E841}"
EndProject
Project("{FAE04EC0-301F-11D3-BF4B-00C04F79EFBC}") = "UserNameData", "UserNameData\UserNameData.csproj", "{041E0E36-9E4E-42A2-8D5E-14D48ABA2B16}"
EndProject
Project("{FAE04EC0-301F-11D3-BF4B-00C04F79EFBC}") = "UserNameDataTask", "UserNameDataTask\UserNameDataTask.csproj", "{9E42E2AC-5272-499E-83AB-C8F4BA4C6EF7}"
EndProject
Global
	GlobalSection(SolutionConfigurationPlatforms) = preSolution
		Debug|Any CPU = Debug|Any CPU
		Release|Any CPU = Release|Any CPU
	EndGlobalSection
	GlobalSection(ProjectConfigurationPlatforms) = postSolution
		{BC054F65-F895-4527-A020-77440191E841}.Debug|Any CPU.ActiveCfg = Debug|Any CPU
		{BC054F65-F895-4527-A020-77440191E841}.Debug|Any CPU.Build.0 = Debug|Any CPU
		{BC054F65-F895-4527-A020-77440191E841}.Release|Any CPU.ActiveCfg = Release|Any CPU
		{BC054F65-F895-4527-A020-77440191E841}.Release|Any CPU.Build.0 = Release|Any CPU
		{041E0E36-9E4E-42A2-8D5E-14D48ABA2B16}.Debug|Any CPU.ActiveCfg = Debug|Any CPU
		{041E0E36-9E4E-42A2-8D5E-14D48ABA2B16}.Debug|Any CPU.Build.0 = Debug|Any CPU
		{041E0E36-9E4E-42A2-8D5E-14D48ABA2B16}.Release|Any CPU.ActiveCfg = Release|Any CPU
		{041E0E36-9E4E-42A2-8D5E-14D48ABA2B16}.Release|Any CPU.Build.0 = Release|Any CPU
		{9E42E2AC-5272-499E-83AB-C8F4BA4C6EF7}.Debug|Any CPU.ActiveCfg = Debug|Any CPU
		{9E42E2AC-5272-499E-83AB-C8F4BA4C6EF7}.Debug|Any CPU.Build.0 = Debug|Any CPU
		{9E42E2AC-5272-499E-83AB-C8F4BA4C6EF7}.Release|Any CPU.ActiveCfg = Release|Any CPU
		{9E42E2AC-5272-499E-83AB-C8F4BA4C6EF7}.Release|Any CPU.Build.0 = Release|Any CPU
	EndGlobalSection
	GlobalSection(SolutionProperties) = preSolution
		HideSolutionNode = FALSE
	EndGlobalSection
	GlobalSection(ExtensibilityGlobals) = postSolution
		SolutionGuid = {728AFBE0-E1FA-411C-AF3B-55A906A9AA81}
	EndGlobalSection
EndGlobal
